// !$*UTF8*$!
{
	archiveVersion = 1;
	classes = {
	};
	objectVersion = 46;
	objects = {
/* Begin PBXBuildFile section */
		0207DA581B56EA530066E2B4 /* Images.xcassets in Resources */ = {isa = PBXBuildFile; fileRef = 0207DA571B56EA530066E2B4 /* Images.xcassets */; };
		1D3623260D0F684500981E51 /* AppDelegate.m in Sources */ = {isa = PBXBuildFile; fileRef = 1D3623250D0F684500981E51 /* AppDelegate.m */; };
		1D60589B0D05DD56006BFB54 /* main.m in Sources */ = {isa = PBXBuildFile; fileRef = 29B97316FDCFA39411CA2CEA /* main.m */; };
		301BF552109A68D80062928A /* libCordova.a in Frameworks */ = {isa = PBXBuildFile; fileRef = 301BF535109A57CC0062928A /* libCordova.a */; };
		302D95F114D2391D003F00A1 /* MainViewController.m in Sources */ = {isa = PBXBuildFile; fileRef = 302D95EF14D2391D003F00A1 /* MainViewController.m */; };
		302D95F214D2391D003F00A1 /* MainViewController.xib in Resources */ = {isa = PBXBuildFile; fileRef = 302D95F014D2391D003F00A1 /* MainViewController.xib */; };
		3047A5121AB8059700498E2A /* build-debug.xcconfig in Resources */ = {isa = PBXBuildFile; fileRef = 3047A50F1AB8059700498E2A /* build-debug.xcconfig */; };
		3047A5131AB8059700498E2A /* build-release.xcconfig in Resources */ = {isa = PBXBuildFile; fileRef = 3047A5101AB8059700498E2A /* build-release.xcconfig */; };
		3047A5141AB8059700498E2A /* build.xcconfig in Resources */ = {isa = PBXBuildFile; fileRef = 3047A5111AB8059700498E2A /* build.xcconfig */; };
		6AFF5BF91D6E424B00AB3073 /* CDVLaunchScreen.storyboard in Resources */ = {isa = PBXBuildFile; fileRef = 6AFF5BF81D6E424B00AB3073 /* CDVLaunchScreen.storyboard */; };
		A2D904D96E194E9FA5D827B7 /* CDVLogger.m in Sources */ = {isa = PBXBuildFile; fileRef = 5FA2780B63C14143B797E5CA /* CDVLogger.m */; };
		7E76998E1E034364AE7F7750 /* CDVFile.m in Sources */ = {isa = PBXBuildFile; fileRef = 99EDDFDD106C4568AABDEC27 /* CDVFile.m */; };
		82CE941CF8324DA4991E2FAD /* CDVLocalFilesystem.m in Sources */ = {isa = PBXBuildFile; fileRef = 6E24DA906361471E95BC12F6 /* CDVLocalFilesystem.m */; };
		88AD7C1FF789445085EBFD02 /* CDVAssetLibraryFilesystem.m in Sources */ = {isa = PBXBuildFile; fileRef = E63DACFCD5ED4C4E9B6CE595 /* CDVAssetLibraryFilesystem.m */; };
		0189F4DCB3E94422932904B9 /* CDVCapture.m in Sources */ = {isa = PBXBuildFile; fileRef = DCBD780C1AA145CDB20E52C2 /* CDVCapture.m */; };
		18CA3C9059314C35BAC92D32 /* CDVCapture.bundle in Resources */ = {isa = PBXBuildFile; fileRef = 70F6E57136FA4B79834595AC /* CDVCapture.bundle */; };
		E383EEEB19A347A3B49D21D1 /* CDVStatusBar.m in Sources */ = {isa = PBXBuildFile; fileRef = 85DD758FE3294D09B5F0823B /* CDVStatusBar.m */; };
		10CE331A54464C4496FB8B66 /* Diagnostic.m in Sources */ = {isa = PBXBuildFile; fileRef = 7FE7EDC055D3423296AB6DA6 /* Diagnostic.m */; };
		2E1EDB3894204CC99332F2E8 /* Diagnostic_Location.m in Sources */ = {isa = PBXBuildFile; fileRef = B8CCF6809D114FE09449CE2C /* Diagnostic_Location.m */; };
		5A38803853984BBEAC1E0A1F /* Diagnostic_Bluetooth.m in Sources */ = {isa = PBXBuildFile; fileRef = FA66BCF133434B10A6292CB6 /* Diagnostic_Bluetooth.m */; };
		685B05D40DE34493B34BD531 /* Diagnostic_Wifi.m in Sources */ = {isa = PBXBuildFile; fileRef = 250F8330E0064E7C823F82A6 /* Diagnostic_Wifi.m */; };
		29EC49257EB840B38584A95B /* Diagnostic_Camera.m in Sources */ = {isa = PBXBuildFile; fileRef = 44E94E7A5A564AB698CF0AB4 /* Diagnostic_Camera.m */; };
		33CD61D3620A4320A4115CF2 /* Diagnostic_Notifications.m in Sources */ = {isa = PBXBuildFile; fileRef = 0AAF01742C3B46539D0A110D /* Diagnostic_Notifications.m */; };
		11A7A01DE58D49E0B2F6A2A1 /* Diagnostic_Microphone.m in Sources */ = {isa = PBXBuildFile; fileRef = A76E324266924CDD911D0305 /* Diagnostic_Microphone.m */; };
		604A49A1676A4206819231A7 /* Diagnostic_Contacts.m in Sources */ = {isa = PBXBuildFile; fileRef = E7B0152FC5464FD1A3CD0198 /* Diagnostic_Contacts.m */; };
		FED5DC87533A4CDBAA014C9D /* Diagnostic_Calendar.m in Sources */ = {isa = PBXBuildFile; fileRef = D7E7DAD94BB0496B8EB581DC /* Diagnostic_Calendar.m */; };
		FECE9384B01E40F18CF109ED /* Diagnostic_Reminders.m in Sources */ = {isa = PBXBuildFile; fileRef = 7DFE7B3DB3D242B2AE5C5B2B /* Diagnostic_Reminders.m */; };
		1E65AADCFC4A475B9B23E74E /* Diagnostic_Motion.m in Sources */ = {isa = PBXBuildFile; fileRef = D555DCAC141B4CBD9B59EE98 /* Diagnostic_Motion.m */; };
		0A92F9AABC2B45509A51D974 /* CoreLocation.framework in Frameworks */ = {isa = PBXBuildFile; fileRef = 09A1FAE836F64AACA7E4DB27 /* CoreLocation.framework */; };
		3E73C7A838BF468F863C2635 /* CoreBluetooth.framework in Frameworks */ = {isa = PBXBuildFile; fileRef = F0DD8B51CAAF494B8060D73C /* CoreBluetooth.framework */; };
		80CF40F57A5F482DB05DF927 /* UserNotifications.framework in Frameworks */ = {isa = PBXBuildFile; fileRef = C12F9C580D554B3285C7ACDF /* UserNotifications.framework */; };
		62CEAEAAD9294915B76916F3 /* AVFoundation.framework in Frameworks */ = {isa = PBXBuildFile; fileRef = 683A563EB0874A1AAB9ACDF3 /* AVFoundation.framework */; };
		2D99F3AEFDB046C4ADB3B2B7 /* Contacts.framework in Frameworks */ = {isa = PBXBuildFile; fileRef = 77815FDF3F4547B88EF207AF /* Contacts.framework */; };
		076D54240921477889C3AAAF /* AddressBook.framework in Frameworks */ = {isa = PBXBuildFile; fileRef = 65C43E9282664F7B819435D9 /* AddressBook.framework */; };
		0A8E1CA21C4A467281D90FDC /* EventKit.framework in Frameworks */ = {isa = PBXBuildFile; fileRef = D01A12F14C1D408DBD5B477D /* EventKit.framework */; };
		9967537112E54CD9AEDFE70C /* CoreMotion.framework in Frameworks */ = {isa = PBXBuildFile; fileRef = F54C0F5F24984CDBAFF7CF35 /* CoreMotion.framework */; };
/* End PBXBuildFile section */

/* Begin PBXContainerItemProxy section */
		301BF534109A57CC0062928A /* PBXContainerItemProxy */ = {
			isa = PBXContainerItemProxy;
			containerPortal = 301BF52D109A57CC0062928A /* CordovaLib.xcodeproj */;
			proxyType = 2;
			remoteGlobalIDString = D2AAC07E0554694100DB518D;
			remoteInfo = CordovaLib;
		};
		301BF550109A68C00062928A /* PBXContainerItemProxy */ = {
			isa = PBXContainerItemProxy;
			containerPortal = 301BF52D109A57CC0062928A /* CordovaLib.xcodeproj */;
			proxyType = 1;
			remoteGlobalIDString = D2AAC07D0554694100DB518D;
			remoteInfo = CordovaLib;
		};
/* End PBXContainerItemProxy section */

/* Begin PBXFileReference section */
		0207DA571B56EA530066E2B4 /* Images.xcassets */ = {isa = PBXFileReference; lastKnownFileType = folder.assetcatalog; name = Images.xcassets; path = "VideoTeacher/Images.xcassets"; sourceTree = SOURCE_ROOT; };
		1D3623240D0F684500981E51 /* AppDelegate.h */ = {isa = PBXFileReference; fileEncoding = 4; lastKnownFileType = sourcecode.c.h; path = AppDelegate.h; sourceTree = "<group>"; };
		1D3623250D0F684500981E51 /* AppDelegate.m */ = {isa = PBXFileReference; fileEncoding = 4; lastKnownFileType = sourcecode.c.objc; path = AppDelegate.m; sourceTree = "<group>"; };
		1D6058910D05DD3D006BFB54 /* VideoTeacher.app */ = {isa = PBXFileReference; explicitFileType = wrapper.application; includeInIndex = 0; path = "VideoTeacher.app"; sourceTree = BUILT_PRODUCTS_DIR; };
		29B97316FDCFA39411CA2CEA /* main.m */ = {isa = PBXFileReference; fileEncoding = 4; lastKnownFileType = sourcecode.c.objc; path = main.m; sourceTree = "<group>"; };
		301BF52D109A57CC0062928A /* CordovaLib.xcodeproj */ = {isa = PBXFileReference; lastKnownFileType = "wrapper.pb-project"; path = CordovaLib/CordovaLib.xcodeproj; sourceTree = "<group>"; };
		301BF56E109A69640062928A /* www */ = {isa = PBXFileReference; lastKnownFileType = folder; path = www; sourceTree = SOURCE_ROOT; };
		302D95EE14D2391D003F00A1 /* MainViewController.h */ = {isa = PBXFileReference; fileEncoding = 4; lastKnownFileType = sourcecode.c.h; path = MainViewController.h; sourceTree = "<group>"; };
		302D95EF14D2391D003F00A1 /* MainViewController.m */ = {isa = PBXFileReference; fileEncoding = 4; lastKnownFileType = sourcecode.c.objc; path = MainViewController.m; sourceTree = "<group>"; };
		302D95F014D2391D003F00A1 /* MainViewController.xib */ = {isa = PBXFileReference; fileEncoding = 4; lastKnownFileType = file.xib; path = MainViewController.xib; sourceTree = "<group>"; };
		3047A50F1AB8059700498E2A /* build-debug.xcconfig */ = {isa = PBXFileReference; fileEncoding = 4; lastKnownFileType = text.xcconfig; name = "build-debug.xcconfig"; path = cordova/build-debug.xcconfig; sourceTree = SOURCE_ROOT; };
		3047A5101AB8059700498E2A /* build-release.xcconfig */ = {isa = PBXFileReference; fileEncoding = 4; lastKnownFileType = text.xcconfig; name = "build-release.xcconfig"; path = cordova/build-release.xcconfig; sourceTree = SOURCE_ROOT; };
		3047A5111AB8059700498E2A /* build.xcconfig */ = {isa = PBXFileReference; fileEncoding = 4; lastKnownFileType = text.xcconfig; name = build.xcconfig; path = cordova/build.xcconfig; sourceTree = SOURCE_ROOT; };
		32CA4F630368D1EE00C91783 /* VideoTeacher-Prefix.pch */ = {isa = PBXFileReference; fileEncoding = 4; lastKnownFileType = sourcecode.c.h; path = "VideoTeacher-Prefix.pch"; sourceTree = "<group>"; };
		6AFF5BF81D6E424B00AB3073 /* CDVLaunchScreen.storyboard */ = {isa = PBXFileReference; fileEncoding = 4; lastKnownFileType = file.storyboard; name = CDVLaunchScreen.storyboard; path = "VideoTeacher/CDVLaunchScreen.storyboard"; sourceTree = SOURCE_ROOT; };
		8D1107310486CEB800E47090 /* VideoTeacher-Info.plist */ = {isa = PBXFileReference; fileEncoding = 4; lastKnownFileType = text.plist.xml; name = "VideoTeacher-Info.plist"; path = "VideoTeacher/VideoTeacher-Info.plist"; plistStructureDefinitionIdentifier = "com.apple.xcode.plist.structure-definition.iphone.info-plist"; sourceTree = SOURCE_ROOT; };
		EB87FDF31871DA8E0020F90C /* www */ = {isa = PBXFileReference; lastKnownFileType = folder; name = www; path = ../../www; sourceTree = "<group>"; };
		EB87FDF41871DAF40020F90C /* config.xml */ = {isa = PBXFileReference; lastKnownFileType = text.xml; name = config.xml; path = ../../config.xml; sourceTree = "<group>"; };
		F840E1F0165FE0F500CFE078 /* config.xml */ = {isa = PBXFileReference; lastKnownFileType = text.xml; name = config.xml; path = "VideoTeacher/config.xml"; sourceTree = "<group>"; };
		ED33DF2A687741AEAF9F8254 /* Bridging-Header.h */ = {isa = PBXFileReference; fileEncoding = 4; lastKnownFileType = sourcecode.c.h; name = "Bridging-Header.h"; path = "Bridging-Header.h"; sourceTree = "<group>"; };
		5FA2780B63C14143B797E5CA /* CDVLogger.m */ = {isa = PBXFileReference; name = "CDVLogger.m"; path = "cordova-plugin-console/CDVLogger.m"; sourceTree = "<group>"; fileEncoding = 4; lastKnownFileType = sourcecode.c.objc; explicitFileType = undefined; includeInIndex = 0; };
		7975C6ED102B47938B54CE46 /* CDVLogger.h */ = {isa = PBXFileReference; name = "CDVLogger.h"; path = "cordova-plugin-console/CDVLogger.h"; sourceTree = "<group>"; fileEncoding = 4; lastKnownFileType = sourcecode.c.h; explicitFileType = undefined; includeInIndex = 0; };
		99EDDFDD106C4568AABDEC27 /* CDVFile.m */ = {isa = PBXFileReference; name = "CDVFile.m"; path = "cordova-plugin-file/CDVFile.m"; sourceTree = "<group>"; fileEncoding = 4; lastKnownFileType = sourcecode.c.objc; explicitFileType = undefined; includeInIndex = 0; };
		6E24DA906361471E95BC12F6 /* CDVLocalFilesystem.m */ = {isa = PBXFileReference; name = "CDVLocalFilesystem.m"; path = "cordova-plugin-file/CDVLocalFilesystem.m"; sourceTree = "<group>"; fileEncoding = 4; lastKnownFileType = sourcecode.c.objc; explicitFileType = undefined; includeInIndex = 0; };
		E63DACFCD5ED4C4E9B6CE595 /* CDVAssetLibraryFilesystem.m */ = {isa = PBXFileReference; name = "CDVAssetLibraryFilesystem.m"; path = "cordova-plugin-file/CDVAssetLibraryFilesystem.m"; sourceTree = "<group>"; fileEncoding = 4; lastKnownFileType = sourcecode.c.objc; explicitFileType = undefined; includeInIndex = 0; };
		B21487CDA4324A11B799CDAA /* CDVFile.h */ = {isa = PBXFileReference; name = "CDVFile.h"; path = "cordova-plugin-file/CDVFile.h"; sourceTree = "<group>"; fileEncoding = 4; lastKnownFileType = sourcecode.c.h; explicitFileType = undefined; includeInIndex = 0; };
		EDEE8BB09194490693CC2C24 /* CDVLocalFilesystem.h */ = {isa = PBXFileReference; name = "CDVLocalFilesystem.h"; path = "cordova-plugin-file/CDVLocalFilesystem.h"; sourceTree = "<group>"; fileEncoding = 4; lastKnownFileType = sourcecode.c.h; explicitFileType = undefined; includeInIndex = 0; };
		91FA55EC533C43F7B0F016FC /* CDVAssetLibraryFilesystem.h */ = {isa = PBXFileReference; name = "CDVAssetLibraryFilesystem.h"; path = "cordova-plugin-file/CDVAssetLibraryFilesystem.h"; sourceTree = "<group>"; fileEncoding = 4; lastKnownFileType = sourcecode.c.h; explicitFileType = undefined; includeInIndex = 0; };
		DCBD780C1AA145CDB20E52C2 /* CDVCapture.m */ = {isa = PBXFileReference; name = "CDVCapture.m"; path = "cordova-plugin-media-capture/CDVCapture.m"; sourceTree = "<group>"; fileEncoding = 4; lastKnownFileType = sourcecode.c.objc; explicitFileType = undefined; includeInIndex = 0; };
		B4E34BE32DA2494DB051A16E /* CDVCapture.h */ = {isa = PBXFileReference; name = "CDVCapture.h"; path = "cordova-plugin-media-capture/CDVCapture.h"; sourceTree = "<group>"; fileEncoding = 4; lastKnownFileType = sourcecode.c.h; explicitFileType = undefined; includeInIndex = 0; };
		70F6E57136FA4B79834595AC /* CDVCapture.bundle */ = {isa = PBXFileReference; name = "CDVCapture.bundle"; path = "CDVCapture.bundle"; sourceTree = "<group>"; fileEncoding = undefined; lastKnownFileType = wrapper.plug-in; explicitFileType = undefined; includeInIndex = 0; };
		85DD758FE3294D09B5F0823B /* CDVStatusBar.m */ = {isa = PBXFileReference; name = "CDVStatusBar.m"; path = "cordova-plugin-statusbar/CDVStatusBar.m"; sourceTree = "<group>"; fileEncoding = 4; lastKnownFileType = sourcecode.c.objc; explicitFileType = undefined; includeInIndex = 0; };
		6288B6BC07FD40608F273B46 /* CDVStatusBar.h */ = {isa = PBXFileReference; name = "CDVStatusBar.h"; path = "cordova-plugin-statusbar/CDVStatusBar.h"; sourceTree = "<group>"; fileEncoding = 4; lastKnownFileType = sourcecode.c.h; explicitFileType = undefined; includeInIndex = 0; };
		7FE7EDC055D3423296AB6DA6 /* Diagnostic.m */ = {isa = PBXFileReference; name = "Diagnostic.m"; path = "cordova.plugins.diagnostic/Diagnostic.m"; sourceTree = "<group>"; fileEncoding = 4; lastKnownFileType = sourcecode.c.objc; explicitFileType = undefined; includeInIndex = 0; };
		B8CCF6809D114FE09449CE2C /* Diagnostic_Location.m */ = {isa = PBXFileReference; name = "Diagnostic_Location.m"; path = "cordova.plugins.diagnostic/Diagnostic_Location.m"; sourceTree = "<group>"; fileEncoding = 4; lastKnownFileType = sourcecode.c.objc; explicitFileType = undefined; includeInIndex = 0; };
		FA66BCF133434B10A6292CB6 /* Diagnostic_Bluetooth.m */ = {isa = PBXFileReference; name = "Diagnostic_Bluetooth.m"; path = "cordova.plugins.diagnostic/Diagnostic_Bluetooth.m"; sourceTree = "<group>"; fileEncoding = 4; lastKnownFileType = sourcecode.c.objc; explicitFileType = undefined; includeInIndex = 0; };
		250F8330E0064E7C823F82A6 /* Diagnostic_Wifi.m */ = {isa = PBXFileReference; name = "Diagnostic_Wifi.m"; path = "cordova.plugins.diagnostic/Diagnostic_Wifi.m"; sourceTree = "<group>"; fileEncoding = 4; lastKnownFileType = sourcecode.c.objc; explicitFileType = undefined; includeInIndex = 0; };
		44E94E7A5A564AB698CF0AB4 /* Diagnostic_Camera.m */ = {isa = PBXFileReference; name = "Diagnostic_Camera.m"; path = "cordova.plugins.diagnostic/Diagnostic_Camera.m"; sourceTree = "<group>"; fileEncoding = 4; lastKnownFileType = sourcecode.c.objc; explicitFileType = undefined; includeInIndex = 0; };
		0AAF01742C3B46539D0A110D /* Diagnostic_Notifications.m */ = {isa = PBXFileReference; name = "Diagnostic_Notifications.m"; path = "cordova.plugins.diagnostic/Diagnostic_Notifications.m"; sourceTree = "<group>"; fileEncoding = 4; lastKnownFileType = sourcecode.c.objc; explicitFileType = undefined; includeInIndex = 0; };
		A76E324266924CDD911D0305 /* Diagnostic_Microphone.m */ = {isa = PBXFileReference; name = "Diagnostic_Microphone.m"; path = "cordova.plugins.diagnostic/Diagnostic_Microphone.m"; sourceTree = "<group>"; fileEncoding = 4; lastKnownFileType = sourcecode.c.objc; explicitFileType = undefined; includeInIndex = 0; };
		E7B0152FC5464FD1A3CD0198 /* Diagnostic_Contacts.m */ = {isa = PBXFileReference; name = "Diagnostic_Contacts.m"; path = "cordova.plugins.diagnostic/Diagnostic_Contacts.m"; sourceTree = "<group>"; fileEncoding = 4; lastKnownFileType = sourcecode.c.objc; explicitFileType = undefined; includeInIndex = 0; };
		D7E7DAD94BB0496B8EB581DC /* Diagnostic_Calendar.m */ = {isa = PBXFileReference; name = "Diagnostic_Calendar.m"; path = "cordova.plugins.diagnostic/Diagnostic_Calendar.m"; sourceTree = "<group>"; fileEncoding = 4; lastKnownFileType = sourcecode.c.objc; explicitFileType = undefined; includeInIndex = 0; };
		7DFE7B3DB3D242B2AE5C5B2B /* Diagnostic_Reminders.m */ = {isa = PBXFileReference; name = "Diagnostic_Reminders.m"; path = "cordova.plugins.diagnostic/Diagnostic_Reminders.m"; sourceTree = "<group>"; fileEncoding = 4; lastKnownFileType = sourcecode.c.objc; explicitFileType = undefined; includeInIndex = 0; };
		D555DCAC141B4CBD9B59EE98 /* Diagnostic_Motion.m */ = {isa = PBXFileReference; name = "Diagnostic_Motion.m"; path = "cordova.plugins.diagnostic/Diagnostic_Motion.m"; sourceTree = "<group>"; fileEncoding = 4; lastKnownFileType = sourcecode.c.objc; explicitFileType = undefined; includeInIndex = 0; };
		8391FB8D0F514481A5748B67 /* Diagnostic.h */ = {isa = PBXFileReference; name = "Diagnostic.h"; path = "cordova.plugins.diagnostic/Diagnostic.h"; sourceTree = "<group>"; fileEncoding = 4; lastKnownFileType = sourcecode.c.h; explicitFileType = undefined; includeInIndex = 0; };
		C9F6255C6D9D45D98ADBAB3F /* Diagnostic_Location.h */ = {isa = PBXFileReference; name = "Diagnostic_Location.h"; path = "cordova.plugins.diagnostic/Diagnostic_Location.h"; sourceTree = "<group>"; fileEncoding = 4; lastKnownFileType = sourcecode.c.h; explicitFileType = undefined; includeInIndex = 0; };
		78AB617830B54741A9197F83 /* Diagnostic_Bluetooth.h */ = {isa = PBXFileReference; name = "Diagnostic_Bluetooth.h"; path = "cordova.plugins.diagnostic/Diagnostic_Bluetooth.h"; sourceTree = "<group>"; fileEncoding = 4; lastKnownFileType = sourcecode.c.h; explicitFileType = undefined; includeInIndex = 0; };
		C98FEF79B8954F8197D96A1A /* Diagnostic_Wifi.h */ = {isa = PBXFileReference; name = "Diagnostic_Wifi.h"; path = "cordova.plugins.diagnostic/Diagnostic_Wifi.h"; sourceTree = "<group>"; fileEncoding = 4; lastKnownFileType = sourcecode.c.h; explicitFileType = undefined; includeInIndex = 0; };
		A78935BA890045B3B364B1E2 /* Diagnostic_Camera.h */ = {isa = PBXFileReference; name = "Diagnostic_Camera.h"; path = "cordova.plugins.diagnostic/Diagnostic_Camera.h"; sourceTree = "<group>"; fileEncoding = 4; lastKnownFileType = sourcecode.c.h; explicitFileType = undefined; includeInIndex = 0; };
		BEFDA8979A9F434993B88282 /* Diagnostic_Notifications.h */ = {isa = PBXFileReference; name = "Diagnostic_Notifications.h"; path = "cordova.plugins.diagnostic/Diagnostic_Notifications.h"; sourceTree = "<group>"; fileEncoding = 4; lastKnownFileType = sourcecode.c.h; explicitFileType = undefined; includeInIndex = 0; };
		00B2B90A5AB84142B3559EE6 /* Diagnostic_Microphone.h */ = {isa = PBXFileReference; name = "Diagnostic_Microphone.h"; path = "cordova.plugins.diagnostic/Diagnostic_Microphone.h"; sourceTree = "<group>"; fileEncoding = 4; lastKnownFileType = sourcecode.c.h; explicitFileType = undefined; includeInIndex = 0; };
		B5B1F24B72BE43B99753CFAA /* Diagnostic_Contacts.h */ = {isa = PBXFileReference; name = "Diagnostic_Contacts.h"; path = "cordova.plugins.diagnostic/Diagnostic_Contacts.h"; sourceTree = "<group>"; fileEncoding = 4; lastKnownFileType = sourcecode.c.h; explicitFileType = undefined; includeInIndex = 0; };
		1A9AB95DBA3143F099FDAAEE /* Diagnostic_Calendar.h */ = {isa = PBXFileReference; name = "Diagnostic_Calendar.h"; path = "cordova.plugins.diagnostic/Diagnostic_Calendar.h"; sourceTree = "<group>"; fileEncoding = 4; lastKnownFileType = sourcecode.c.h; explicitFileType = undefined; includeInIndex = 0; };
		3F8E415F8786476C89F545DC /* Diagnostic_Reminders.h */ = {isa = PBXFileReference; name = "Diagnostic_Reminders.h"; path = "cordova.plugins.diagnostic/Diagnostic_Reminders.h"; sourceTree = "<group>"; fileEncoding = 4; lastKnownFileType = sourcecode.c.h; explicitFileType = undefined; includeInIndex = 0; };
		E7713F17AE9A4762B55AE87D /* Diagnostic_Motion.h */ = {isa = PBXFileReference; name = "Diagnostic_Motion.h"; path = "cordova.plugins.diagnostic/Diagnostic_Motion.h"; sourceTree = "<group>"; fileEncoding = 4; lastKnownFileType = sourcecode.c.h; explicitFileType = undefined; includeInIndex = 0; };
		09A1FAE836F64AACA7E4DB27 /* CoreLocation.framework */ = {isa = PBXFileReference; name = "CoreLocation.framework"; path = "System/Library/Frameworks/CoreLocation.framework"; sourceTree = SDKROOT; fileEncoding = undefined; lastKnownFileType = wrapper.framework; explicitFileType = undefined; includeInIndex = 0; };
		F0DD8B51CAAF494B8060D73C /* CoreBluetooth.framework */ = {isa = PBXFileReference; name = "CoreBluetooth.framework"; path = "System/Library/Frameworks/CoreBluetooth.framework"; sourceTree = SDKROOT; fileEncoding = undefined; lastKnownFileType = wrapper.framework; explicitFileType = undefined; includeInIndex = 0; };
		C12F9C580D554B3285C7ACDF /* UserNotifications.framework */ = {isa = PBXFileReference; name = "UserNotifications.framework"; path = "System/Library/Frameworks/UserNotifications.framework"; sourceTree = SDKROOT; fileEncoding = undefined; lastKnownFileType = wrapper.framework; explicitFileType = undefined; includeInIndex = 0; };
		683A563EB0874A1AAB9ACDF3 /* AVFoundation.framework */ = {isa = PBXFileReference; name = "AVFoundation.framework"; path = "System/Library/Frameworks/AVFoundation.framework"; sourceTree = SDKROOT; fileEncoding = undefined; lastKnownFileType = wrapper.framework; explicitFileType = undefined; includeInIndex = 0; };
		77815FDF3F4547B88EF207AF /* Contacts.framework */ = {isa = PBXFileReference; name = "Contacts.framework"; path = "System/Library/Frameworks/Contacts.framework"; sourceTree = SDKROOT; fileEncoding = undefined; lastKnownFileType = wrapper.framework; explicitFileType = undefined; includeInIndex = 0; };
		65C43E9282664F7B819435D9 /* AddressBook.framework */ = {isa = PBXFileReference; name = "AddressBook.framework"; path = "System/Library/Frameworks/AddressBook.framework"; sourceTree = SDKROOT; fileEncoding = undefined; lastKnownFileType = wrapper.framework; explicitFileType = undefined; includeInIndex = 0; };
		D01A12F14C1D408DBD5B477D /* EventKit.framework */ = {isa = PBXFileReference; name = "EventKit.framework"; path = "System/Library/Frameworks/EventKit.framework"; sourceTree = SDKROOT; fileEncoding = undefined; lastKnownFileType = wrapper.framework; explicitFileType = undefined; includeInIndex = 0; };
		F54C0F5F24984CDBAFF7CF35 /* CoreMotion.framework */ = {isa = PBXFileReference; name = "CoreMotion.framework"; path = "System/Library/Frameworks/CoreMotion.framework"; sourceTree = SDKROOT; fileEncoding = undefined; lastKnownFileType = wrapper.framework; explicitFileType = undefined; includeInIndex = 0; };
/* End PBXFileReference section */

/* Begin PBXFrameworksBuildPhase section */
		1D60588F0D05DD3D006BFB54 /* Frameworks */ = {
			isa = PBXFrameworksBuildPhase;
			buildActionMask = 2147483647;
			files = (
				301BF552109A68D80062928A /* libCordova.a in Frameworks */,
				0A92F9AABC2B45509A51D974 /* CoreLocation.framework in Frameworks */,
				3E73C7A838BF468F863C2635 /* CoreBluetooth.framework in Frameworks */,
				80CF40F57A5F482DB05DF927 /* UserNotifications.framework in Frameworks */,
				62CEAEAAD9294915B76916F3 /* AVFoundation.framework in Frameworks */,
				2D99F3AEFDB046C4ADB3B2B7 /* Contacts.framework in Frameworks */,
				076D54240921477889C3AAAF /* AddressBook.framework in Frameworks */,
				0A8E1CA21C4A467281D90FDC /* EventKit.framework in Frameworks */,
				9967537112E54CD9AEDFE70C /* CoreMotion.framework in Frameworks */,
			);
			runOnlyForDeploymentPostprocessing = 0;
		};
/* End PBXFrameworksBuildPhase section */

/* Begin PBXGroup section */
		080E96DDFE201D6D7F000001 /* Classes */ = {
			isa = PBXGroup;
			children = (
				302D95EE14D2391D003F00A1 /* MainViewController.h */,
				302D95EF14D2391D003F00A1 /* MainViewController.m */,
				302D95F014D2391D003F00A1 /* MainViewController.xib */,
				1D3623240D0F684500981E51 /* AppDelegate.h */,
				1D3623250D0F684500981E51 /* AppDelegate.m */,
			);
			name = Classes;
			path = "VideoTeacher/Classes";
			sourceTree = SOURCE_ROOT;
		};
		19C28FACFE9D520D11CA2CBB /* Products */ = {
			isa = PBXGroup;
			children = (
				1D6058910D05DD3D006BFB54 /* VideoTeacher.app */,
			);
			name = Products;
			sourceTree = "<group>";
		};
		29B97314FDCFA39411CA2CEA /* CustomTemplate */ = {
			isa = PBXGroup;
			children = (
				EB87FDF41871DAF40020F90C /* config.xml */,
				EB87FDF31871DA8E0020F90C /* www */,
				EB87FDF11871DA420020F90C /* Staging */,
				301BF52D109A57CC0062928A /* CordovaLib.xcodeproj */,
				080E96DDFE201D6D7F000001 /* Classes */,
				307C750510C5A3420062BCA9 /* Plugins */,
				29B97315FDCFA39411CA2CEA /* Other Sources */,
				29B97317FDCFA39411CA2CEA /* Resources */,
				29B97323FDCFA39411CA2CEA /* Frameworks */,
				19C28FACFE9D520D11CA2CBB /* Products */,
			);
			name = CustomTemplate;
			sourceTree = "<group>";
		};
		29B97315FDCFA39411CA2CEA /* Other Sources */ = {
			isa = PBXGroup;
			children = (
				32CA4F630368D1EE00C91783 /* VideoTeacher-Prefix.pch */,
				29B97316FDCFA39411CA2CEA /* main.m */,
				ED33DF2A687741AEAF9F8254 /* Bridging-Header.h */,
			);
			name = "Other Sources";
			path = "VideoTeacher";
			sourceTree = "<group>";
		};
		29B97317FDCFA39411CA2CEA /* Resources */ = {
			isa = PBXGroup;
			children = (
				0207DA571B56EA530066E2B4 /* Images.xcassets */,
				3047A50E1AB8057F00498E2A /* config */,
				8D1107310486CEB800E47090 /* VideoTeacher-Info.plist */,
				6AFF5BF81D6E424B00AB3073 /* CDVLaunchScreen.storyboard */,
				70F6E57136FA4B79834595AC /* CDVCapture.bundle */,
			);
			name = Resources;
			path = "VideoTeacher/Resources";
			sourceTree = "<group>";
		};
		29B97323FDCFA39411CA2CEA /* Frameworks */ = {
			isa = PBXGroup;
			children = (
				09A1FAE836F64AACA7E4DB27 /* CoreLocation.framework */,
				F0DD8B51CAAF494B8060D73C /* CoreBluetooth.framework */,
				C12F9C580D554B3285C7ACDF /* UserNotifications.framework */,
				683A563EB0874A1AAB9ACDF3 /* AVFoundation.framework */,
				77815FDF3F4547B88EF207AF /* Contacts.framework */,
				65C43E9282664F7B819435D9 /* AddressBook.framework */,
				D01A12F14C1D408DBD5B477D /* EventKit.framework */,
				F54C0F5F24984CDBAFF7CF35 /* CoreMotion.framework */,
			);
			name = Frameworks;
			sourceTree = "<group>";
		};
		301BF52E109A57CC0062928A /* Products */ = {
			isa = PBXGroup;
			children = (
				301BF535109A57CC0062928A /* libCordova.a */,
			);
			name = Products;
			sourceTree = "<group>";
		};
		3047A50E1AB8057F00498E2A /* config */ = {
			isa = PBXGroup;
			children = (
				3047A50F1AB8059700498E2A /* build-debug.xcconfig */,
				3047A5101AB8059700498E2A /* build-release.xcconfig */,
				3047A5111AB8059700498E2A /* build.xcconfig */,
			);
			name = config;
			sourceTree = "<group>";
		};
		307C750510C5A3420062BCA9 /* Plugins */ = {
			isa = PBXGroup;
			children = (
				5FA2780B63C14143B797E5CA /* CDVLogger.m */,
				7975C6ED102B47938B54CE46 /* CDVLogger.h */,
				99EDDFDD106C4568AABDEC27 /* CDVFile.m */,
				6E24DA906361471E95BC12F6 /* CDVLocalFilesystem.m */,
				E63DACFCD5ED4C4E9B6CE595 /* CDVAssetLibraryFilesystem.m */,
				B21487CDA4324A11B799CDAA /* CDVFile.h */,
				EDEE8BB09194490693CC2C24 /* CDVLocalFilesystem.h */,
				91FA55EC533C43F7B0F016FC /* CDVAssetLibraryFilesystem.h */,
				DCBD780C1AA145CDB20E52C2 /* CDVCapture.m */,
				B4E34BE32DA2494DB051A16E /* CDVCapture.h */,
				85DD758FE3294D09B5F0823B /* CDVStatusBar.m */,
				6288B6BC07FD40608F273B46 /* CDVStatusBar.h */,
				7FE7EDC055D3423296AB6DA6 /* Diagnostic.m */,
				B8CCF6809D114FE09449CE2C /* Diagnostic_Location.m */,
				FA66BCF133434B10A6292CB6 /* Diagnostic_Bluetooth.m */,
				250F8330E0064E7C823F82A6 /* Diagnostic_Wifi.m */,
				44E94E7A5A564AB698CF0AB4 /* Diagnostic_Camera.m */,
				0AAF01742C3B46539D0A110D /* Diagnostic_Notifications.m */,
				A76E324266924CDD911D0305 /* Diagnostic_Microphone.m */,
				E7B0152FC5464FD1A3CD0198 /* Diagnostic_Contacts.m */,
				D7E7DAD94BB0496B8EB581DC /* Diagnostic_Calendar.m */,
				7DFE7B3DB3D242B2AE5C5B2B /* Diagnostic_Reminders.m */,
				D555DCAC141B4CBD9B59EE98 /* Diagnostic_Motion.m */,
				8391FB8D0F514481A5748B67 /* Diagnostic.h */,
				C9F6255C6D9D45D98ADBAB3F /* Diagnostic_Location.h */,
				78AB617830B54741A9197F83 /* Diagnostic_Bluetooth.h */,
				C98FEF79B8954F8197D96A1A /* Diagnostic_Wifi.h */,
				A78935BA890045B3B364B1E2 /* Diagnostic_Camera.h */,
				BEFDA8979A9F434993B88282 /* Diagnostic_Notifications.h */,
				00B2B90A5AB84142B3559EE6 /* Diagnostic_Microphone.h */,
				B5B1F24B72BE43B99753CFAA /* Diagnostic_Contacts.h */,
				1A9AB95DBA3143F099FDAAEE /* Diagnostic_Calendar.h */,
				3F8E415F8786476C89F545DC /* Diagnostic_Reminders.h */,
				E7713F17AE9A4762B55AE87D /* Diagnostic_Motion.h */,
			);
			name = Plugins;
			path = "VideoTeacher/Plugins";
			sourceTree = SOURCE_ROOT;
		};
		EB87FDF11871DA420020F90C /* Staging */ = {
			isa = PBXGroup;
			children = (
				F840E1F0165FE0F500CFE078 /* config.xml */,
				301BF56E109A69640062928A /* www */,
			);
			name = Staging;
			sourceTree = "<group>";
		};
/* End PBXGroup section */

/* Begin PBXNativeTarget section */
		1D6058900D05DD3D006BFB54 /* VideoTeacher */ = {
			isa = PBXNativeTarget;
			buildConfigurationList = 1D6058960D05DD3E006BFB54 /* Build configuration list for PBXNativeTarget "VideoTeacher" */;
			buildPhases = (
				304B58A110DAC018002A0835 /* Copy www directory */,
				1D60588D0D05DD3D006BFB54 /* Resources */,
				1D60588E0D05DD3D006BFB54 /* Sources */,
				1D60588F0D05DD3D006BFB54 /* Frameworks */,
			);
			buildRules = (
			);
			dependencies = (
				301BF551109A68C00062928A /* PBXTargetDependency */,
			);
			name = "VideoTeacher";
			productName = "VideoTeacher";
			productReference = 1D6058910D05DD3D006BFB54 /* VideoTeacher.app */;
			productType = "com.apple.product-type.application";
		};
/* End PBXNativeTarget section */

/* Begin PBXProject section */
		29B97313FDCFA39411CA2CEA /* Project object */ = {
			isa = PBXProject;
			attributes = {
				LastUpgradeCheck = 510;
			};
			buildConfigurationList = C01FCF4E08A954540054247B /* Build configuration list for PBXProject "__NON-CLI__" */;
			compatibilityVersion = "Xcode 3.2";
			developmentRegion = English;
			hasScannedForEncodings = 1;
			mainGroup = 29B97314FDCFA39411CA2CEA /* CustomTemplate */;
			projectDirPath = "";
			projectReferences = (
				{
					ProductGroup = 301BF52E109A57CC0062928A /* Products */;
					ProjectRef = 301BF52D109A57CC0062928A /* CordovaLib.xcodeproj */;
				},
			);
			projectRoot = "";
			targets = (
				1D6058900D05DD3D006BFB54 /* VideoTeacher */,
			);
		};
/* End PBXProject section */

/* Begin PBXReferenceProxy section */
		301BF535109A57CC0062928A /* libCordova.a */ = {
			isa = PBXReferenceProxy;
			fileType = archive.ar;
			path = libCordova.a;
			remoteRef = 301BF534109A57CC0062928A /* PBXContainerItemProxy */;
			sourceTree = BUILT_PRODUCTS_DIR;
		};
/* End PBXReferenceProxy section */

/* Begin PBXResourcesBuildPhase section */
		1D60588D0D05DD3D006BFB54 /* Resources */ = {
			isa = PBXResourcesBuildPhase;
			buildActionMask = 2147483647;
			files = (
				302D95F214D2391D003F00A1 /* MainViewController.xib in Resources */,
				0207DA581B56EA530066E2B4 /* Images.xcassets in Resources */,
				6AFF5BF91D6E424B00AB3073 /* CDVLaunchScreen.storyboard in Resources */,
				18CA3C9059314C35BAC92D32 /* CDVCapture.bundle in Resources */,
			);
			runOnlyForDeploymentPostprocessing = 0;
		};
/* End PBXResourcesBuildPhase section */

/* Begin PBXShellScriptBuildPhase section */
		304B58A110DAC018002A0835 /* Copy www directory */ = {
			isa = PBXShellScriptBuildPhase;
			buildActionMask = 2147483647;
			files = (
			);
			inputPaths = (
			);
			name = "Copy www directory";
			outputPaths = (
			);
			runOnlyForDeploymentPostprocessing = 0;
			shellPath = /bin/sh;
			shellScript = "NODEJS_PATH=/usr/local/bin; NVM_NODE_PATH=~/.nvm/versions/node/`nvm version 2>/dev/null`/bin; N_NODE_PATH=`find /usr/local/n/versions/node/* -maxdepth 0 -type d 2>/dev/null | tail -1`/bin; XCODE_NODE_PATH=`xcode-select --print-path`/usr/share/xcs/Node/bin; PATH=$NODEJS_PATH:$NVM_NODE_PATH:$N_NODE_PATH:$XCODE_NODE_PATH:$PATH && node cordova/lib/copy-www-build-step.js";
			showEnvVarsInLog = 0;
		};
/* End PBXShellScriptBuildPhase section */

/* Begin PBXSourcesBuildPhase section */
		1D60588E0D05DD3D006BFB54 /* Sources */ = {
			isa = PBXSourcesBuildPhase;
			buildActionMask = 2147483647;
			files = (
				1D60589B0D05DD56006BFB54 /* main.m in Sources */,
				1D3623260D0F684500981E51 /* AppDelegate.m in Sources */,
				302D95F114D2391D003F00A1 /* MainViewController.m in Sources */,
				A2D904D96E194E9FA5D827B7 /* CDVLogger.m in Sources */,
				7E76998E1E034364AE7F7750 /* CDVFile.m in Sources */,
				82CE941CF8324DA4991E2FAD /* CDVLocalFilesystem.m in Sources */,
				88AD7C1FF789445085EBFD02 /* CDVAssetLibraryFilesystem.m in Sources */,
				0189F4DCB3E94422932904B9 /* CDVCapture.m in Sources */,
				E383EEEB19A347A3B49D21D1 /* CDVStatusBar.m in Sources */,
				10CE331A54464C4496FB8B66 /* Diagnostic.m in Sources */,
				2E1EDB3894204CC99332F2E8 /* Diagnostic_Location.m in Sources */,
				5A38803853984BBEAC1E0A1F /* Diagnostic_Bluetooth.m in Sources */,
				685B05D40DE34493B34BD531 /* Diagnostic_Wifi.m in Sources */,
				29EC49257EB840B38584A95B /* Diagnostic_Camera.m in Sources */,
				33CD61D3620A4320A4115CF2 /* Diagnostic_Notifications.m in Sources */,
				11A7A01DE58D49E0B2F6A2A1 /* Diagnostic_Microphone.m in Sources */,
				604A49A1676A4206819231A7 /* Diagnostic_Contacts.m in Sources */,
				FED5DC87533A4CDBAA014C9D /* Diagnostic_Calendar.m in Sources */,
				FECE9384B01E40F18CF109ED /* Diagnostic_Reminders.m in Sources */,
				1E65AADCFC4A475B9B23E74E /* Diagnostic_Motion.m in Sources */,
			);
			runOnlyForDeploymentPostprocessing = 0;
		};
/* End PBXSourcesBuildPhase section */

/* Begin PBXTargetDependency section */
		301BF551109A68C00062928A /* PBXTargetDependency */ = {
			isa = PBXTargetDependency;
			name = CordovaLib;
			targetProxy = 301BF550109A68C00062928A /* PBXContainerItemProxy */;
		};
/* End PBXTargetDependency section */

/* Begin XCBuildConfiguration section */
		1D6058940D05DD3E006BFB54 /* Debug */ = {
			isa = XCBuildConfiguration;
			baseConfigurationReference = 3047A50F1AB8059700498E2A /* build-debug.xcconfig */;
			buildSettings = {
				ALWAYS_SEARCH_USER_PATHS = NO;
				ASSETCATALOG_COMPILER_APPICON_NAME = AppIcon;
				ASSETCATALOG_COMPILER_LAUNCHIMAGE_NAME = LaunchImage;
				CLANG_ENABLE_MODULES = YES;
				CLANG_ENABLE_OBJC_ARC = YES;
				COPY_PHASE_STRIP = NO;
				GCC_DYNAMIC_NO_PIC = NO;
				GCC_OPTIMIZATION_LEVEL = 0;
				GCC_PRECOMPILE_PREFIX_HEADER = YES;
				GCC_PREFIX_HEADER = "VideoTeacher/VideoTeacher-Prefix.pch";
				GCC_THUMB_SUPPORT = NO;
				GCC_VERSION = "";
				INFOPLIST_FILE = "VideoTeacher/VideoTeacher-Info.plist";
				IPHONEOS_DEPLOYMENT_TARGET = 9.0;
				LD_RUNPATH_SEARCH_PATHS = "@executable_path/Frameworks";
				TARGETED_DEVICE_FAMILY = "1,2";
				PRODUCT_NAME = "VideoTeacher";
			};
			name = Debug;
		};
		1D6058950D05DD3E006BFB54 /* Release */ = {
			isa = XCBuildConfiguration;
			baseConfigurationReference = 3047A5101AB8059700498E2A /* build-release.xcconfig */;
			buildSettings = {
				ALWAYS_SEARCH_USER_PATHS = NO;
				ASSETCATALOG_COMPILER_APPICON_NAME = AppIcon;
				ASSETCATALOG_COMPILER_LAUNCHIMAGE_NAME = LaunchImage;
				CLANG_ENABLE_MODULES = YES;
				CLANG_ENABLE_OBJC_ARC = YES;
				COPY_PHASE_STRIP = YES;
				GCC_PRECOMPILE_PREFIX_HEADER = YES;
				GCC_PREFIX_HEADER = "VideoTeacher/VideoTeacher-Prefix.pch";
				GCC_THUMB_SUPPORT = NO;
				GCC_VERSION = "";
				INFOPLIST_FILE = "VideoTeacher/VideoTeacher-Info.plist";
				IPHONEOS_DEPLOYMENT_TARGET = 9.0;
				LD_RUNPATH_SEARCH_PATHS = "@executable_path/Frameworks";
				TARGETED_DEVICE_FAMILY = "1,2";
				PRODUCT_NAME = "VideoTeacher";
			};
			name = Release;
		};
		C01FCF4F08A954540054247B /* Debug */ = {
			isa = XCBuildConfiguration;
			baseConfigurationReference = 3047A5111AB8059700498E2A /* build.xcconfig */;
			buildSettings = {
				CLANG_ENABLE_MODULES = YES;
				CLANG_ENABLE_OBJC_ARC = YES;
				CLANG_WARN_BOOL_CONVERSION = YES;
				CLANG_WARN_CONSTANT_CONVERSION = YES;
				CLANG_WARN_EMPTY_BODY = YES;
				CLANG_WARN_ENUM_CONVERSION = YES;
				CLANG_WARN_INT_CONVERSION = YES;
				CLANG_WARN__DUPLICATE_METHOD_MATCH = YES;
				GCC_C_LANGUAGE_STANDARD = c99;
				GCC_THUMB_SUPPORT = NO;
				GCC_VERSION = "";
				GCC_WARN_ABOUT_RETURN_TYPE = YES;
				GCC_WARN_UNDECLARED_SELECTOR = YES;
				GCC_WARN_UNINITIALIZED_AUTOS = YES;
				GCC_WARN_UNUSED_FUNCTION = YES;
				GCC_WARN_UNUSED_VARIABLE = YES;
				ONLY_ACTIVE_ARCH = YES;
				SDKROOT = iphoneos;
				SKIP_INSTALL = NO;
			};
			name = Debug;
		};
		C01FCF5008A954540054247B /* Release */ = {
			isa = XCBuildConfiguration;
			baseConfigurationReference = 3047A5111AB8059700498E2A /* build.xcconfig */;
			buildSettings = {
				CLANG_ENABLE_MODULES = YES;
				CLANG_ENABLE_OBJC_ARC = YES;
				CLANG_WARN_BOOL_CONVERSION = YES;
				CLANG_WARN_CONSTANT_CONVERSION = YES;
				CLANG_WARN_EMPTY_BODY = YES;
				CLANG_WARN_ENUM_CONVERSION = YES;
				CLANG_WARN_INT_CONVERSION = YES;
				CLANG_WARN__DUPLICATE_METHOD_MATCH = YES;
				GCC_C_LANGUAGE_STANDARD = c99;
				GCC_THUMB_SUPPORT = NO;
				GCC_VERSION = "";
				GCC_WARN_ABOUT_RETURN_TYPE = YES;
				GCC_WARN_UNDECLARED_SELECTOR = YES;
				GCC_WARN_UNINITIALIZED_AUTOS = YES;
				GCC_WARN_UNUSED_FUNCTION = YES;
				GCC_WARN_UNUSED_VARIABLE = YES;
				SDKROOT = iphoneos;
				SKIP_INSTALL = NO;
			};
			name = Release;
		};
/* End XCBuildConfiguration section */

/* Begin XCConfigurationList section */
		1D6058960D05DD3E006BFB54 /* Build configuration list for PBXNativeTarget "VideoTeacher" */ = {
			isa = XCConfigurationList;
			buildConfigurations = (
				1D6058940D05DD3E006BFB54 /* Debug */,
				1D6058950D05DD3E006BFB54 /* Release */,
			);
			defaultConfigurationIsVisible = 0;
			defaultConfigurationName = Release;
		};
		C01FCF4E08A954540054247B /* Build configuration list for PBXProject "__NON-CLI__" */ = {
			isa = XCConfigurationList;
			buildConfigurations = (
				C01FCF4F08A954540054247B /* Debug */,
				C01FCF5008A954540054247B /* Release */,
			);
			defaultConfigurationIsVisible = 0;
			defaultConfigurationName = Release;
		};
/* End XCConfigurationList section */
	};
	rootObject = 29B97313FDCFA39411CA2CEA /* Project object */;
}
